// !$*UTF8*$!
{
	archiveVersion = 1;
	classes = {
	};
	objectVersion = 46;
	objects = {

/* Begin PBXBuildFile section */
		E12488F2197483580041B236 /* TNCPreferenceWindowDelegate.m in Sources */ = {isa = PBXBuildFile; fileRef = E12488F1197483580041B236 /* TNCPreferenceWindowDelegate.m */; };
		E162EC85197080610098EA57 /* Cocoa.framework in Frameworks */ = {isa = PBXBuildFile; fileRef = E162EC84197080610098EA57 /* Cocoa.framework */; };
		E162EC8F197080610098EA57 /* InfoPlist.strings in Resources */ = {isa = PBXBuildFile; fileRef = E162EC8D197080610098EA57 /* InfoPlist.strings */; };
		E162EC91197080610098EA57 /* main.m in Sources */ = {isa = PBXBuildFile; fileRef = E162EC90197080610098EA57 /* main.m */; };
		E162EC95197080610098EA57 /* Credits.rtf in Resources */ = {isa = PBXBuildFile; fileRef = E162EC93197080610098EA57 /* Credits.rtf */; };
		E162EC98197080610098EA57 /* TNCAppDelegate.m in Sources */ = {isa = PBXBuildFile; fileRef = E162EC97197080610098EA57 /* TNCAppDelegate.m */; };
		E162EC9B197080610098EA57 /* MainMenu.xib in Resources */ = {isa = PBXBuildFile; fileRef = E162EC99197080610098EA57 /* MainMenu.xib */; };
		E162EC9D197080610098EA57 /* Images.xcassets in Resources */ = {isa = PBXBuildFile; fileRef = E162EC9C197080610098EA57 /* Images.xcassets */; };
		E1EFAA471975D79900E78A53 /* WebKit.framework in Frameworks */ = {isa = PBXBuildFile; fileRef = E1EFAA461975D79900E78A53 /* WebKit.framework */; };
/* End PBXBuildFile section */

/* Begin PBXFileReference section */
		E12488F0197483580041B236 /* TNCPreferenceWindowDelegate.h */ = {isa = PBXFileReference; fileEncoding = 4; lastKnownFileType = sourcecode.c.h; path = TNCPreferenceWindowDelegate.h; sourceTree = "<group>"; };
		E12488F1197483580041B236 /* TNCPreferenceWindowDelegate.m */ = {isa = PBXFileReference; fileEncoding = 4; lastKnownFileType = sourcecode.c.objc; path = TNCPreferenceWindowDelegate.m; sourceTree = "<group>"; };
		E162EC81197080610098EA57 /* Twitch Notification Center Bridge.app */ = {isa = PBXFileReference; explicitFileType = wrapper.application; includeInIndex = 0; path = "Twitch Notification Center Bridge.app"; sourceTree = BUILT_PRODUCTS_DIR; };
		E162EC84197080610098EA57 /* Cocoa.framework */ = {isa = PBXFileReference; lastKnownFileType = wrapper.framework; name = Cocoa.framework; path = System/Library/Frameworks/Cocoa.framework; sourceTree = SDKROOT; };
		E162EC87197080610098EA57 /* AppKit.framework */ = {isa = PBXFileReference; lastKnownFileType = wrapper.framework; name = AppKit.framework; path = System/Library/Frameworks/AppKit.framework; sourceTree = SDKROOT; };
		E162EC88197080610098EA57 /* CoreData.framework */ = {isa = PBXFileReference; lastKnownFileType = wrapper.framework; name = CoreData.framework; path = System/Library/Frameworks/CoreData.framework; sourceTree = SDKROOT; };
		E162EC89197080610098EA57 /* Foundation.framework */ = {isa = PBXFileReference; lastKnownFileType = wrapper.framework; name = Foundation.framework; path = System/Library/Frameworks/Foundation.framework; sourceTree = SDKROOT; };
		E162EC8C197080610098EA57 /* Twitch Notification Center Bridge-Info.plist */ = {isa = PBXFileReference; lastKnownFileType = text.plist.xml; path = "Twitch Notification Center Bridge-Info.plist"; sourceTree = "<group>"; };
		E162EC8E197080610098EA57 /* en */ = {isa = PBXFileReference; lastKnownFileType = text.plist.strings; name = en; path = en.lproj/InfoPlist.strings; sourceTree = "<group>"; };
		E162EC90197080610098EA57 /* main.m */ = {isa = PBXFileReference; lastKnownFileType = sourcecode.c.objc; path = main.m; sourceTree = "<group>"; };
		E162EC92197080610098EA57 /* Twitch Notification Center Bridge-Prefix.pch */ = {isa = PBXFileReference; lastKnownFileType = sourcecode.c.h; path = "Twitch Notification Center Bridge-Prefix.pch"; sourceTree = "<group>"; };
		E162EC94197080610098EA57 /* en */ = {isa = PBXFileReference; lastKnownFileType = text.rtf; name = en; path = en.lproj/Credits.rtf; sourceTree = "<group>"; };
		E162EC96197080610098EA57 /* TNCAppDelegate.h */ = {isa = PBXFileReference; lastKnownFileType = sourcecode.c.h; path = TNCAppDelegate.h; sourceTree = "<group>"; };
		E162EC97197080610098EA57 /* TNCAppDelegate.m */ = {isa = PBXFileReference; lastKnownFileType = sourcecode.c.objc; path = TNCAppDelegate.m; sourceTree = "<group>"; };
		E162EC9A197080610098EA57 /* Base */ = {isa = PBXFileReference; lastKnownFileType = file.xib; name = Base; path = Base.lproj/MainMenu.xib; sourceTree = "<group>"; };
		E162EC9C197080610098EA57 /* Images.xcassets */ = {isa = PBXFileReference; lastKnownFileType = folder.assetcatalog; path = Images.xcassets; sourceTree = "<group>"; };
		E1EFAA461975D79900E78A53 /* WebKit.framework */ = {isa = PBXFileReference; lastKnownFileType = wrapper.framework; name = WebKit.framework; path = System/Library/Frameworks/WebKit.framework; sourceTree = SDKROOT; };
/* End PBXFileReference section */

/* Begin PBXFrameworksBuildPhase section */
		E162EC7E197080610098EA57 /* Frameworks */ = {
			isa = PBXFrameworksBuildPhase;
			buildActionMask = 2147483647;
			files = (
				E1EFAA471975D79900E78A53 /* WebKit.framework in Frameworks */,
				E162EC85197080610098EA57 /* Cocoa.framework in Frameworks */,
			);
			runOnlyForDeploymentPostprocessing = 0;
		};
/* End PBXFrameworksBuildPhase section */

/* Begin PBXGroup section */
		E162EC78197080610098EA57 = {
			isa = PBXGroup;
			children = (
				E162EC8A197080610098EA57 /* Twitch Notification Center Bridge */,
				E162EC83197080610098EA57 /* Frameworks */,
				E162EC82197080610098EA57 /* Products */,
			);
			sourceTree = "<group>";
		};
		E162EC82197080610098EA57 /* Products */ = {
			isa = PBXGroup;
			children = (
				E162EC81197080610098EA57 /* Twitch Notification Center Bridge.app */,
			);
			name = Products;
			sourceTree = "<group>";
		};
		E162EC83197080610098EA57 /* Frameworks */ = {
			isa = PBXGroup;
			children = (
				E1EFAA461975D79900E78A53 /* WebKit.framework */,
				E162EC84197080610098EA57 /* Cocoa.framework */,
				E162EC86197080610098EA57 /* Other Frameworks */,
			);
			name = Frameworks;
			sourceTree = "<group>";
		};
		E162EC86197080610098EA57 /* Other Frameworks */ = {
			isa = PBXGroup;
			children = (
				E162EC87197080610098EA57 /* AppKit.framework */,
				E162EC88197080610098EA57 /* CoreData.framework */,
				E162EC89197080610098EA57 /* Foundation.framework */,
			);
			name = "Other Frameworks";
			sourceTree = "<group>";
		};
		E162EC8A197080610098EA57 /* Twitch Notification Center Bridge */ = {
			isa = PBXGroup;
			children = (
				E162EC96197080610098EA57 /* TNCAppDelegate.h */,
				E162EC97197080610098EA57 /* TNCAppDelegate.m */,
				E12488F0197483580041B236 /* TNCPreferenceWindowDelegate.h */,
				E12488F1197483580041B236 /* TNCPreferenceWindowDelegate.m */,
				E162EC99197080610098EA57 /* MainMenu.xib */,
				E162EC9C197080610098EA57 /* Images.xcassets */,
				E162EC8B197080610098EA57 /* Supporting Files */,
			);
			path = "Twitch Notification Center Bridge";
			sourceTree = "<group>";
		};
		E162EC8B197080610098EA57 /* Supporting Files */ = {
			isa = PBXGroup;
			children = (
				E162EC8C197080610098EA57 /* Twitch Notification Center Bridge-Info.plist */,
				E162EC8D197080610098EA57 /* InfoPlist.strings */,
				E162EC90197080610098EA57 /* main.m */,
				E162EC92197080610098EA57 /* Twitch Notification Center Bridge-Prefix.pch */,
				E162EC93197080610098EA57 /* Credits.rtf */,
			);
			name = "Supporting Files";
			sourceTree = "<group>";
		};
/* End PBXGroup section */

/* Begin PBXNativeTarget section */
		E162EC80197080610098EA57 /* Twitch Notification Center Bridge */ = {
			isa = PBXNativeTarget;
			buildConfigurationList = E162ECB2197080610098EA57 /* Build configuration list for PBXNativeTarget "Twitch Notification Center Bridge" */;
			buildPhases = (
				E162EC7D197080610098EA57 /* Sources */,
				E162EC7E197080610098EA57 /* Frameworks */,
				E162EC7F197080610098EA57 /* Resources */,
			);
			buildRules = (
			);
			dependencies = (
			);
			name = "Twitch Notification Center Bridge";
			productName = "Twitch Notification Center Bridge";
			productReference = E162EC81197080610098EA57 /* Twitch Notification Center Bridge.app */;
			productType = "com.apple.product-type.application";
		};
/* End PBXNativeTarget section */

/* Begin PBXProject section */
		E162EC79197080610098EA57 /* Project object */ = {
			isa = PBXProject;
			attributes = {
				CLASSPREFIX = TNC;
				LastUpgradeCheck = 0510;
				ORGANIZATIONNAME = "Nicholas Reichert";
			};
			buildConfigurationList = E162EC7C197080610098EA57 /* Build configuration list for PBXProject "Twitch Notification Center Bridge" */;
			compatibilityVersion = "Xcode 3.2";
			developmentRegion = English;
			hasScannedForEncodings = 0;
			knownRegions = (
				en,
				Base,
			);
			mainGroup = E162EC78197080610098EA57;
			productRefGroup = E162EC82197080610098EA57 /* Products */;
			projectDirPath = "";
			projectRoot = "";
			targets = (
				E162EC80197080610098EA57 /* Twitch Notification Center Bridge */,
			);
		};
/* End PBXProject section */

/* Begin PBXResourcesBuildPhase section */
		E162EC7F197080610098EA57 /* Resources */ = {
			isa = PBXResourcesBuildPhase;
			buildActionMask = 2147483647;
			files = (
				E162EC8F197080610098EA57 /* InfoPlist.strings in Resources */,
				E162EC9D197080610098EA57 /* Images.xcassets in Resources */,
				E162EC95197080610098EA57 /* Credits.rtf in Resources */,
				E162EC9B197080610098EA57 /* MainMenu.xib in Resources */,
			);
			runOnlyForDeploymentPostprocessing = 0;
		};
/* End PBXResourcesBuildPhase section */

/* Begin PBXSourcesBuildPhase section */
		E162EC7D197080610098EA57 /* Sources */ = {
			isa = PBXSourcesBuildPhase;
			buildActionMask = 2147483647;
			files = (
				E162EC98197080610098EA57 /* TNCAppDelegate.m in Sources */,
				E12488F2197483580041B236 /* TNCPreferenceWindowDelegate.m in Sources */,
				E162EC91197080610098EA57 /* main.m in Sources */,
			);
			runOnlyForDeploymentPostprocessing = 0;
		};
/* End PBXSourcesBuildPhase section */

/* Begin PBXVariantGroup section */
		E162EC8D197080610098EA57 /* InfoPlist.strings */ = {
			isa = PBXVariantGroup;
			children = (
				E162EC8E197080610098EA57 /* en */,
			);
			name = InfoPlist.strings;
			sourceTree = "<group>";
		};
		E162EC93197080610098EA57 /* Credits.rtf */ = {
			isa = PBXVariantGroup;
			children = (
				E162EC94197080610098EA57 /* en */,
			);
			name = Credits.rtf;
			sourceTree = "<group>";
		};
		E162EC99197080610098EA57 /* MainMenu.xib */ = {
			isa = PBXVariantGroup;
			children = (
				E162EC9A197080610098EA57 /* Base */,
			);
			name = MainMenu.xib;
			sourceTree = "<group>";
		};
/* End PBXVariantGroup section */

/* Begin XCBuildConfiguration section */
		E162ECB0197080610098EA57 /* Debug */ = {
			isa = XCBuildConfiguration;
			buildSettings = {
				ALWAYS_SEARCH_USER_PATHS = NO;
				CLANG_CXX_LANGUAGE_STANDARD = "gnu++0x";
				CLANG_CXX_LIBRARY = "libc++";
				CLANG_ENABLE_MODULES = YES;
				CLANG_ENABLE_OBJC_ARC = YES;
				CLANG_WARN_BOOL_CONVERSION = YES;
				CLANG_WARN_CONSTANT_CONVERSION = YES;
				CLANG_WARN_DIRECT_OBJC_ISA_USAGE = YES_ERROR;
				CLANG_WARN_EMPTY_BODY = YES;
				CLANG_WARN_ENUM_CONVERSION = YES;
				CLANG_WARN_INT_CONVERSION = YES;
				CLANG_WARN_OBJC_ROOT_CLASS = YES_ERROR;
				CLANG_WARN__DUPLICATE_METHOD_MATCH = YES;
				COPY_PHASE_STRIP = NO;
				GCC_C_LANGUAGE_STANDARD = gnu99;
				GCC_DYNAMIC_NO_PIC = NO;
				GCC_ENABLE_OBJC_EXCEPTIONS = YES;
				GCC_OPTIMIZATION_LEVEL = 0;
				GCC_PREPROCESSOR_DEFINITIONS = (
					"DEBUG=1",
					"$(inherited)",
				);
				GCC_SYMBOLS_PRIVATE_EXTERN = NO;
				GCC_WARN_64_TO_32_BIT_CONVERSION = YES;
				GCC_WARN_ABOUT_RETURN_TYPE = YES_ERROR;
				GCC_WARN_UNDECLARED_SELECTOR = YES;
				GCC_WARN_UNINITIALIZED_AUTOS = YES_AGGRESSIVE;
				GCC_WARN_UNUSED_FUNCTION = YES;
				GCC_WARN_UNUSED_VARIABLE = YES;
				MACOSX_DEPLOYMENT_TARGET = 10.8;
				ONLY_ACTIVE_ARCH = YES;
				SDKROOT = macosx10.8;
			};
			name = Debug;
		};
		E162ECB1197080610098EA57 /* Release */ = {
			isa = XCBuildConfiguration;
			buildSettings = {
				ALWAYS_SEARCH_USER_PATHS = NO;
				CLANG_CXX_LANGUAGE_STANDARD = "gnu++0x";
				CLANG_CXX_LIBRARY = "libc++";
				CLANG_ENABLE_MODULES = YES;
				CLANG_ENABLE_OBJC_ARC = YES;
				CLANG_WARN_BOOL_CONVERSION = YES;
				CLANG_WARN_CONSTANT_CONVERSION = YES;
				CLANG_WARN_DIRECT_OBJC_ISA_USAGE = YES_ERROR;
				CLANG_WARN_EMPTY_BODY = YES;
				CLANG_WARN_ENUM_CONVERSION = YES;
				CLANG_WARN_INT_CONVERSION = YES;
				CLANG_WARN_OBJC_ROOT_CLASS = YES_ERROR;
				CLANG_WARN__DUPLICATE_METHOD_MATCH = YES;
				COPY_PHASE_STRIP = YES;
				DEBUG_INFORMATION_FORMAT = "dwarf-with-dsym";
				ENABLE_NS_ASSERTIONS = NO;
				GCC_C_LANGUAGE_STANDARD = gnu99;
				GCC_ENABLE_OBJC_EXCEPTIONS = YES;
				GCC_WARN_64_TO_32_BIT_CONVERSION = YES;
				GCC_WARN_ABOUT_RETURN_TYPE = YES_ERROR;
				GCC_WARN_UNDECLARED_SELECTOR = YES;
				GCC_WARN_UNINITIALIZED_AUTOS = YES_AGGRESSIVE;
				GCC_WARN_UNUSED_FUNCTION = YES;
				GCC_WARN_UNUSED_VARIABLE = YES;
				MACOSX_DEPLOYMENT_TARGET = 10.8;
				SDKROOT = macosx10.8;
			};
			name = Release;
		};
		E162ECB3197080610098EA57 /* Debug */ = {
			isa = XCBuildConfiguration;
			buildSettings = {
				ASSETCATALOG_COMPILER_APPICON_NAME = AppIcon;
				COMBINE_HIDPI_IMAGES = YES;
				GCC_PRECOMPILE_PREFIX_HEADER = YES;
				GCC_PREFIX_HEADER = "Twitch Notification Center Bridge/Twitch Notification Center Bridge-Prefix.pch";
				INFOPLIST_FILE = "Twitch Notification Center Bridge/Twitch Notification Center Bridge-Info.plist";
				MACOSX_DEPLOYMENT_TARGET = 10.8;
				PRODUCT_NAME = "$(TARGET_NAME)";
				WRAPPER_EXTENSION = app;
			};
			name = Debug;
		};
		E162ECB4197080610098EA57 /* Release */ = {
			isa = XCBuildConfiguration;
			buildSettings = {
				ASSETCATALOG_COMPILER_APPICON_NAME = AppIcon;
				COMBINE_HIDPI_IMAGES = YES;
				GCC_PRECOMPILE_PREFIX_HEADER = YES;
				GCC_PREFIX_HEADER = "Twitch Notification Center Bridge/Twitch Notification Center Bridge-Prefix.pch";
				INFOPLIST_FILE = "Twitch Notification Center Bridge/Twitch Notification Center Bridge-Info.plist";
				MACOSX_DEPLOYMENT_TARGET = 10.8;
				PRODUCT_NAME = "$(TARGET_NAME)";
				WRAPPER_EXTENSION = app;
			};
			name = Release;
		};
/* End XCBuildConfiguration section */

/* Begin XCConfigurationList section */
		E162EC7C197080610098EA57 /* Build configuration list for PBXProject "Twitch Notification Center Bridge" */ = {
			isa = XCConfigurationList;
			buildConfigurations = (
				E162ECB0197080610098EA57 /* Debug */,
				E162ECB1197080610098EA57 /* Release */,
			);
			defaultConfigurationIsVisible = 0;
			defaultConfigurationName = Release;
		};
		E162ECB2197080610098EA57 /* Build configuration list for PBXNativeTarget "Twitch Notification Center Bridge" */ = {
			isa = XCConfigurationList;
			buildConfigurations = (
				E162ECB3197080610098EA57 /* Debug */,
				E162ECB4197080610098EA57 /* Release */,
			);
			defaultConfigurationIsVisible = 0;
			defaultConfigurationName = Release;
		};
/* End XCConfigurationList section */
	};
	rootObject = E162EC79197080610098EA57 /* Project object */;
}
